
Microsoft Visual Studio Solution File, Format Version 12.00
# Visual Studio Version 17
VisualStudioVersion = 17.11.35312.102
MinimumVisualStudioVersion = 10.0.40219.1
Project("{9A19103F-16F7-4668-BE54-9A1E7A4F7556}") = "CPSY200FinalRentalProject", "CPSY200FinalRentalProject.csproj", "{99E7216B-85CB-42EB-BDD3-F78641219EC5}"
EndProject
Global
	GlobalSection(SolutionConfigurationPlatforms) = preSolution
		Debug|Any CPU = Debug|Any CPU
		Release|Any CPU = Release|Any CPU
	EndGlobalSection
	GlobalSection(ProjectConfigurationPlatforms) = postSolution
		{99E7216B-85CB-42EB-BDD3-F78641219EC5}.Debug|Any CPU.ActiveCfg = Debug|Any CPU
		{99E7216B-85CB-42EB-BDD3-F78641219EC5}.Debug|Any CPU.Build.0 = Debug|Any CPU
		{99E7216B-85CB-42EB-BDD3-F78641219EC5}.Debug|Any CPU.Deploy.0 = Debug|Any CPU
		{99E7216B-85CB-42EB-BDD3-F78641219EC5}.Release|Any CPU.ActiveCfg = Release|Any CPU
		{99E7216B-85CB-42EB-BDD3-F78641219EC5}.Release|Any CPU.Build.0 = Release|Any CPU
		{99E7216B-85CB-42EB-BDD3-F78641219EC5}.Release|Any CPU.Deploy.0 = Release|Any CPU
	EndGlobalSection
	GlobalSection(SolutionProperties) = preSolution
		HideSolutionNode = FALSE
	EndGlobalSection
	GlobalSection(ExtensibilityGlobals) = postSolution
		SolutionGuid = {0429044F-3B30-4B42-9363-ECD049EEC4C8}
	EndGlobalSection
EndGlobal
